
Microsoft Visual Studio Solution File, Format Version 12.00
# Visual Studio 15
Project("{FAE04EC0-301F-11D3-BF4B-00C04F79EFBC}") = "Timespan.BestText", "Timespan.BestText\Timespan.BestText.csproj", "{C23F8C29-9E1B-473A-83B2-1A1818B0B5ED}"
EndProject
Project("{FAE04EC0-301F-11D3-BF4B-00C04F79EFBC}") = "Timespan.BestText.Tests", "Timespan.BestText.Tests\Timespan.BestText.Tests.csproj", "{2E1E30F5-38C4-4EAB-A313-2C9F1F434640}"
EndProject
Project("{2150E333-8FDC-42A3-9474-1A3956D46DE8}") = "Solution Items", "Solution Items", "{CAAB6CA1-C259-44DD-9FE4-D592BE4D058D}"
	ProjectSection(SolutionItems) = preProject
		README.md = README.md
	EndProjectSection
EndProject
Global
	GlobalSection(SolutionConfigurationPlatforms) = preSolution
		Debug|Any CPU = Debug|Any CPU
		Release|Any CPU = Release|Any CPU
	EndGlobalSection
	GlobalSection(ProjectConfigurationPlatforms) = postSolution
		{C23F8C29-9E1B-473A-83B2-1A1818B0B5ED}.Debug|Any CPU.ActiveCfg = Debug|Any CPU
		{C23F8C29-9E1B-473A-83B2-1A1818B0B5ED}.Debug|Any CPU.Build.0 = Debug|Any CPU
		{C23F8C29-9E1B-473A-83B2-1A1818B0B5ED}.Release|Any CPU.ActiveCfg = Release|Any CPU
		{C23F8C29-9E1B-473A-83B2-1A1818B0B5ED}.Release|Any CPU.Build.0 = Release|Any CPU
		{2E1E30F5-38C4-4EAB-A313-2C9F1F434640}.Debug|Any CPU.ActiveCfg = Debug|Any CPU
		{2E1E30F5-38C4-4EAB-A313-2C9F1F434640}.Debug|Any CPU.Build.0 = Debug|Any CPU
		{2E1E30F5-38C4-4EAB-A313-2C9F1F434640}.Release|Any CPU.ActiveCfg = Release|Any CPU
		{2E1E30F5-38C4-4EAB-A313-2C9F1F434640}.Release|Any CPU.Build.0 = Release|Any CPU
	EndGlobalSection
EndGlobal
